// !$*UTF8*$!
{
	archiveVersion = 1;
	classes = {
	};
	objectVersion = 56;
	objects = {

/* Begin PBXBuildFile section */
		F3B1F5662C4CBFB400C055E4 /* Model.swift in Sources */ = {isa = PBXBuildFile; fileRef = F3B1F5652C4CBFB400C055E4 /* Model.swift */; };
		F3B1F56E2C4CC41100C055E4 /* MVCNetwork.swift in Sources */ = {isa = PBXBuildFile; fileRef = F3B1F56D2C4CC41100C055E4 /* MVCNetwork.swift */; };
		F3B1F5EA2C4F2B7000C055E4 /* AppDelegate.swift in Sources */ = {isa = PBXBuildFile; fileRef = F3B1F5E92C4F2B7000C055E4 /* AppDelegate.swift */; };
		F3B1F5EC2C4F2B7000C055E4 /* SceneDelegate.swift in Sources */ = {isa = PBXBuildFile; fileRef = F3B1F5EB2C4F2B7000C055E4 /* SceneDelegate.swift */; };
		F3B1F5EE2C4F2B7000C055E4 /* ViewController.swift in Sources */ = {isa = PBXBuildFile; fileRef = F3B1F5ED2C4F2B7000C055E4 /* ViewController.swift */; };
		F3B1F5F32C4F2B7100C055E4 /* Assets.xcassets in Resources */ = {isa = PBXBuildFile; fileRef = F3B1F5F22C4F2B7100C055E4 /* Assets.xcassets */; };
		F3B1F5F62C4F2B7100C055E4 /* Base in Resources */ = {isa = PBXBuildFile; fileRef = F3B1F5F52C4F2B7100C055E4 /* Base */; };
		F3B1F6092C4F2B8300C055E4 /* Preview Assets.xcassets in Resources */ = {isa = PBXBuildFile; fileRef = F3B1F6082C4F2B8300C055E4 /* Preview Assets.xcassets */; };
		F3B1F6162C4F2C3600C055E4 /* libModel.a in Frameworks */ = {isa = PBXBuildFile; fileRef = F3B1F5542C4CBF5700C055E4 /* libModel.a */; };
		F3B1F6192C4F2C3600C055E4 /* libMVCNetwork.a in Frameworks */ = {isa = PBXBuildFile; fileRef = F3B1F57D2C4CC45E00C055E4 /* libMVCNetwork.a */; };
		F3B1F61C2C4F2C3600C055E4 /* libMVCNetworkImp.a in Frameworks */ = {isa = PBXBuildFile; fileRef = F3B1F5762C4CC42500C055E4 /* libMVCNetworkImp.a */; };
		F3B1F6232C4F2EBE00C055E4 /* libModel.a in Frameworks */ = {isa = PBXBuildFile; fileRef = F3B1F5542C4CBF5700C055E4 /* libModel.a */; };
		F3B1F6262C4F2EBE00C055E4 /* libMVCNetwork.a in Frameworks */ = {isa = PBXBuildFile; fileRef = F3B1F57D2C4CC45E00C055E4 /* libMVCNetwork.a */; };
		F3B1F6292C4F2EBE00C055E4 /* libMVCNetworkImp.a in Frameworks */ = {isa = PBXBuildFile; fileRef = F3B1F5762C4CC42500C055E4 /* libMVCNetworkImp.a */; };
		F3B1F62E2C4F2F7A00C055E4 /* MVCNetworkImp.swift in Sources */ = {isa = PBXBuildFile; fileRef = F3B1F5782C4CC42500C055E4 /* MVCNetworkImp.swift */; };
		F3B1F63A2C4F308100C055E4 /* Assets.xcassets in Resources */ = {isa = PBXBuildFile; fileRef = F3B1F6392C4F308100C055E4 /* Assets.xcassets */; };
		F3B1F6412C4F315400C055E4 /* ContentView.swift in Sources */ = {isa = PBXBuildFile; fileRef = F3B1F6402C4F312500C055E4 /* ContentView.swift */; };
		F3B1F6442C4F330700C055E4 /* ContentView.swift in Sources */ = {isa = PBXBuildFile; fileRef = F3B1F6432C4F330700C055E4 /* ContentView.swift */; };
		F3B1F6472C4F442400C055E4 /* Controller.swift in Sources */ = {isa = PBXBuildFile; fileRef = F3B1F6462C4F442400C055E4 /* Controller.swift */; };
		F3B1F6482C4F50AB00C055E4 /* VC_SwiftUIApp.swift in Sources */ = {isa = PBXBuildFile; fileRef = F3B1F63E2C4F311F00C055E4 /* VC_SwiftUIApp.swift */; };
/* End PBXBuildFile section */

/* Begin PBXContainerItemProxy section */
		F3B1F5802C4CC4CB00C055E4 /* PBXContainerItemProxy */ = {
			isa = PBXContainerItemProxy;
			containerPortal = F3CA04342C4CA67600443D4E /* Project object */;
			proxyType = 1;
			remoteGlobalIDString = F3B1F56A2C4CC41100C055E4;
			remoteInfo = MVCNetwork;
		};
		F3B1F5862C4D28C100C055E4 /* PBXContainerItemProxy */ = {
			isa = PBXContainerItemProxy;
			containerPortal = F3CA04342C4CA67600443D4E /* Project object */;
			proxyType = 1;
			remoteGlobalIDString = F3B1F5532C4CBF5700C055E4;
			remoteInfo = Model;
		};
		F3B1F6172C4F2C3600C055E4 /* PBXContainerItemProxy */ = {
			isa = PBXContainerItemProxy;
			containerPortal = F3CA04342C4CA67600443D4E /* Project object */;
			proxyType = 1;
			remoteGlobalIDString = F3B1F5532C4CBF5700C055E4;
			remoteInfo = Model;
		};
		F3B1F61A2C4F2C3600C055E4 /* PBXContainerItemProxy */ = {
			isa = PBXContainerItemProxy;
			containerPortal = F3CA04342C4CA67600443D4E /* Project object */;
			proxyType = 1;
			remoteGlobalIDString = F3B1F56A2C4CC41100C055E4;
			remoteInfo = MVCNetwork;
		};
		F3B1F61D2C4F2C3600C055E4 /* PBXContainerItemProxy */ = {
			isa = PBXContainerItemProxy;
			containerPortal = F3CA04342C4CA67600443D4E /* Project object */;
			proxyType = 1;
			remoteGlobalIDString = F3B1F5752C4CC42500C055E4;
			remoteInfo = MVCNetworkImp;
		};
		F3B1F6242C4F2EBE00C055E4 /* PBXContainerItemProxy */ = {
			isa = PBXContainerItemProxy;
			containerPortal = F3CA04342C4CA67600443D4E /* Project object */;
			proxyType = 1;
			remoteGlobalIDString = F3B1F5532C4CBF5700C055E4;
			remoteInfo = Model;
		};
		F3B1F6272C4F2EBE00C055E4 /* PBXContainerItemProxy */ = {
			isa = PBXContainerItemProxy;
			containerPortal = F3CA04342C4CA67600443D4E /* Project object */;
			proxyType = 1;
			remoteGlobalIDString = F3B1F56A2C4CC41100C055E4;
			remoteInfo = MVCNetwork;
		};
		F3B1F62A2C4F2EBE00C055E4 /* PBXContainerItemProxy */ = {
			isa = PBXContainerItemProxy;
			containerPortal = F3CA04342C4CA67600443D4E /* Project object */;
			proxyType = 1;
			remoteGlobalIDString = F3B1F5752C4CC42500C055E4;
			remoteInfo = MVCNetworkImp;
		};
/* End PBXContainerItemProxy section */

/* Begin PBXCopyFilesBuildPhase section */
		F3B1F5522C4CBF5700C055E4 /* CopyFiles */ = {
			isa = PBXCopyFilesBuildPhase;
			buildActionMask = 2147483647;
			dstPath = "include/$(PRODUCT_NAME)";
			dstSubfolderSpec = 16;
			files = (
			);
			runOnlyForDeploymentPostprocessing = 0;
		};
		F3B1F5692C4CC41100C055E4 /* CopyFiles */ = {
			isa = PBXCopyFilesBuildPhase;
			buildActionMask = 2147483647;
			dstPath = "include/$(PRODUCT_NAME)";
			dstSubfolderSpec = 16;
			files = (
			);
			runOnlyForDeploymentPostprocessing = 0;
		};
		F3B1F5742C4CC42500C055E4 /* CopyFiles */ = {
			isa = PBXCopyFilesBuildPhase;
			buildActionMask = 2147483647;
			dstPath = "include/$(PRODUCT_NAME)";
			dstSubfolderSpec = 16;
			files = (
			);
			runOnlyForDeploymentPostprocessing = 0;
		};
/* End PBXCopyFilesBuildPhase section */

/* Begin PBXFileReference section */
		F3B1F5542C4CBF5700C055E4 /* libModel.a */ = {isa = PBXFileReference; explicitFileType = archive.ar; includeInIndex = 0; path = libModel.a; sourceTree = BUILT_PRODUCTS_DIR; };
		F3B1F5652C4CBFB400C055E4 /* Model.swift */ = {isa = PBXFileReference; lastKnownFileType = sourcecode.swift; path = Model.swift; sourceTree = "<group>"; };
		F3B1F56D2C4CC41100C055E4 /* MVCNetwork.swift */ = {isa = PBXFileReference; lastKnownFileType = sourcecode.swift; path = MVCNetwork.swift; sourceTree = "<group>"; };
		F3B1F5762C4CC42500C055E4 /* libMVCNetworkImp.a */ = {isa = PBXFileReference; explicitFileType = archive.ar; includeInIndex = 0; path = libMVCNetworkImp.a; sourceTree = BUILT_PRODUCTS_DIR; };
		F3B1F5782C4CC42500C055E4 /* MVCNetworkImp.swift */ = {isa = PBXFileReference; lastKnownFileType = sourcecode.swift; path = MVCNetworkImp.swift; sourceTree = "<group>"; };
		F3B1F57D2C4CC45E00C055E4 /* libMVCNetwork.a */ = {isa = PBXFileReference; explicitFileType = archive.ar; includeInIndex = 0; path = libMVCNetwork.a; sourceTree = BUILT_PRODUCTS_DIR; };
		F3B1F5E72C4F2B7000C055E4 /* VC_UIKit.app */ = {isa = PBXFileReference; explicitFileType = wrapper.application; includeInIndex = 0; path = VC_UIKit.app; sourceTree = BUILT_PRODUCTS_DIR; };
		F3B1F5E92C4F2B7000C055E4 /* AppDelegate.swift */ = {isa = PBXFileReference; lastKnownFileType = sourcecode.swift; path = AppDelegate.swift; sourceTree = "<group>"; };
		F3B1F5EB2C4F2B7000C055E4 /* SceneDelegate.swift */ = {isa = PBXFileReference; lastKnownFileType = sourcecode.swift; path = SceneDelegate.swift; sourceTree = "<group>"; };
		F3B1F5ED2C4F2B7000C055E4 /* ViewController.swift */ = {isa = PBXFileReference; lastKnownFileType = sourcecode.swift; path = ViewController.swift; sourceTree = "<group>"; };
		F3B1F5F22C4F2B7100C055E4 /* Assets.xcassets */ = {isa = PBXFileReference; lastKnownFileType = folder.assetcatalog; path = Assets.xcassets; sourceTree = "<group>"; };
		F3B1F5F52C4F2B7100C055E4 /* Base */ = {isa = PBXFileReference; lastKnownFileType = file.storyboard; name = Base; path = Base.lproj/LaunchScreen.storyboard; sourceTree = "<group>"; };
		F3B1F5F72C4F2B7100C055E4 /* Info.plist */ = {isa = PBXFileReference; lastKnownFileType = text.plist.xml; path = Info.plist; sourceTree = "<group>"; };
		F3B1F5FF2C4F2B8200C055E4 /* VC_SwiftUI.app */ = {isa = PBXFileReference; explicitFileType = wrapper.application; includeInIndex = 0; path = VC_SwiftUI.app; sourceTree = BUILT_PRODUCTS_DIR; };
		F3B1F6082C4F2B8300C055E4 /* Preview Assets.xcassets */ = {isa = PBXFileReference; lastKnownFileType = folder.assetcatalog; path = "Preview Assets.xcassets"; sourceTree = "<group>"; };
		F3B1F6212C4F2E7700C055E4 /* VC_UIKit.app */ = {isa = PBXFileReference; lastKnownFileType = wrapper.application; name = VC_UIKit.app; path = "../../../../Library/Developer/Xcode/DerivedData/MVC-ausmotvegmmamacuxxhjokmosvfk/Build/Products/Debug-iphoneos/VC_UIKit.app"; sourceTree = "<group>"; };
		F3B1F6222C4F2E7700C055E4 /* VC_SwiftUI.app */ = {isa = PBXFileReference; lastKnownFileType = wrapper.application; name = VC_SwiftUI.app; path = "../../../../Library/Developer/Xcode/DerivedData/MVC-ausmotvegmmamacuxxhjokmosvfk/Build/Products/Debug-iphoneos/VC_SwiftUI.app"; sourceTree = "<group>"; };
		F3B1F6392C4F308100C055E4 /* Assets.xcassets */ = {isa = PBXFileReference; lastKnownFileType = folder.assetcatalog; path = Assets.xcassets; sourceTree = "<group>"; };
		F3B1F63E2C4F311F00C055E4 /* VC_SwiftUIApp.swift */ = {isa = PBXFileReference; lastKnownFileType = sourcecode.swift; path = VC_SwiftUIApp.swift; sourceTree = "<group>"; };
		F3B1F6402C4F312500C055E4 /* ContentView.swift */ = {isa = PBXFileReference; lastKnownFileType = sourcecode.swift; path = ContentView.swift; sourceTree = "<group>"; };
		F3B1F6432C4F330700C055E4 /* ContentView.swift */ = {isa = PBXFileReference; lastKnownFileType = sourcecode.swift; path = ContentView.swift; sourceTree = "<group>"; };
		F3B1F6462C4F442400C055E4 /* Controller.swift */ = {isa = PBXFileReference; lastKnownFileType = sourcecode.swift; path = Controller.swift; sourceTree = "<group>"; };
		F3B1F6492C4F516A00C055E4 /* VC-SwiftUI-Info.plist */ = {isa = PBXFileReference; lastKnownFileType = text.plist.xml; name = "VC-SwiftUI-Info.plist"; path = "VC_SwiftUI/Resources/VC-SwiftUI-Info.plist"; sourceTree = SOURCE_ROOT; };
/* End PBXFileReference section */

/* Begin PBXFrameworksBuildPhase section */
		F3B1F5512C4CBF5700C055E4 /* Frameworks */ = {
			isa = PBXFrameworksBuildPhase;
			buildActionMask = 2147483647;
			files = (
			);
			runOnlyForDeploymentPostprocessing = 0;
		};
		F3B1F5682C4CC41100C055E4 /* Frameworks */ = {
			isa = PBXFrameworksBuildPhase;
			buildActionMask = 2147483647;
			files = (
			);
			runOnlyForDeploymentPostprocessing = 0;
		};
		F3B1F5732C4CC42500C055E4 /* Frameworks */ = {
			isa = PBXFrameworksBuildPhase;
			buildActionMask = 2147483647;
			files = (
			);
			runOnlyForDeploymentPostprocessing = 0;
		};
		F3B1F5E42C4F2B7000C055E4 /* Frameworks */ = {
			isa = PBXFrameworksBuildPhase;
			buildActionMask = 2147483647;
			files = (
				F3B1F6232C4F2EBE00C055E4 /* libModel.a in Frameworks */,
				F3B1F6262C4F2EBE00C055E4 /* libMVCNetwork.a in Frameworks */,
				F3B1F6292C4F2EBE00C055E4 /* libMVCNetworkImp.a in Frameworks */,
			);
			runOnlyForDeploymentPostprocessing = 0;
		};
		F3B1F5FC2C4F2B8200C055E4 /* Frameworks */ = {
			isa = PBXFrameworksBuildPhase;
			buildActionMask = 2147483647;
			files = (
				F3B1F6162C4F2C3600C055E4 /* libModel.a in Frameworks */,
				F3B1F6192C4F2C3600C055E4 /* libMVCNetwork.a in Frameworks */,
				F3B1F61C2C4F2C3600C055E4 /* libMVCNetworkImp.a in Frameworks */,
			);
			runOnlyForDeploymentPostprocessing = 0;
		};
/* End PBXFrameworksBuildPhase section */

/* Begin PBXGroup section */
		F3B1F5552C4CBF5700C055E4 /* Model */ = {
			isa = PBXGroup;
			children = (
				F3B1F5652C4CBFB400C055E4 /* Model.swift */,
			);
			path = Model;
			sourceTree = "<group>";
		};
		F3B1F56C2C4CC41100C055E4 /* Network */ = {
			isa = PBXGroup;
			children = (
				F3B1F56D2C4CC41100C055E4 /* MVCNetwork.swift */,
				F3B1F5782C4CC42500C055E4 /* MVCNetworkImp.swift */,
			);
			path = Network;
			sourceTree = "<group>";
		};
		F3B1F5822C4D27E200C055E4 /* Frameworks */ = {
			isa = PBXGroup;
			children = (
				F3B1F6212C4F2E7700C055E4 /* VC_UIKit.app */,
				F3B1F6222C4F2E7700C055E4 /* VC_SwiftUI.app */,
			);
			name = Frameworks;
			sourceTree = "<group>";
		};
		F3B1F5E82C4F2B7000C055E4 /* VC_UIKit */ = {
			isa = PBXGroup;
			children = (
				F3B1F63B2C4F310700C055E4 /* Resources */,
				F3B1F62F2C4F2FA900C055E4 /* App */,
				F3B1F6302C4F2FB100C055E4 /* View */,
				F3B1F6422C4F32E900C055E4 /* Controller */,
			);
			path = VC_UIKit;
			sourceTree = "<group>";
		};
		F3B1F6002C4F2B8200C055E4 /* VC_SwiftUI */ = {
			isa = PBXGroup;
			children = (
				F3B1F63C2C4F311400C055E4 /* Resources */,
				F3B1F63D2C4F311C00C055E4 /* App */,
				F3B1F63F2C4F312100C055E4 /* View */,
				F3B1F6452C4F441600C055E4 /* Controller */,
			);
			path = VC_SwiftUI;
			sourceTree = "<group>";
		};
		F3B1F6072C4F2B8300C055E4 /* Preview Content */ = {
			isa = PBXGroup;
			children = (
				F3B1F6082C4F2B8300C055E4 /* Preview Assets.xcassets */,
			);
			path = "Preview Content";
			sourceTree = "<group>";
		};
		F3B1F61F2C4F2E3500C055E4 /* Data */ = {
			isa = PBXGroup;
			children = (
				F3B1F56C2C4CC41100C055E4 /* Network */,
			);
			path = Data;
			sourceTree = "<group>";
		};
		F3B1F62F2C4F2FA900C055E4 /* App */ = {
			isa = PBXGroup;
			children = (
				F3B1F5E92C4F2B7000C055E4 /* AppDelegate.swift */,
				F3B1F5EB2C4F2B7000C055E4 /* SceneDelegate.swift */,
			);
			path = App;
			sourceTree = "<group>";
		};
		F3B1F6302C4F2FB100C055E4 /* View */ = {
			isa = PBXGroup;
			children = (
				F3B1F6432C4F330700C055E4 /* ContentView.swift */,
			);
			path = View;
			sourceTree = "<group>";
		};
		F3B1F63B2C4F310700C055E4 /* Resources */ = {
			isa = PBXGroup;
			children = (
				F3B1F5F72C4F2B7100C055E4 /* Info.plist */,
				F3B1F5F22C4F2B7100C055E4 /* Assets.xcassets */,
				F3B1F5F42C4F2B7100C055E4 /* LaunchScreen.storyboard */,
			);
			path = Resources;
			sourceTree = "<group>";
		};
		F3B1F63C2C4F311400C055E4 /* Resources */ = {
			isa = PBXGroup;
			children = (
				F3B1F6492C4F516A00C055E4 /* VC-SwiftUI-Info.plist */,
				F3B1F6392C4F308100C055E4 /* Assets.xcassets */,
				F3B1F6072C4F2B8300C055E4 /* Preview Content */,
			);
			path = Resources;
			sourceTree = "<group>";
		};
		F3B1F63D2C4F311C00C055E4 /* App */ = {
			isa = PBXGroup;
			children = (
				F3B1F63E2C4F311F00C055E4 /* VC_SwiftUIApp.swift */,
			);
			path = App;
			sourceTree = "<group>";
		};
		F3B1F63F2C4F312100C055E4 /* View */ = {
			isa = PBXGroup;
			children = (
				F3B1F6402C4F312500C055E4 /* ContentView.swift */,
			);
			path = View;
			sourceTree = "<group>";
		};
		F3B1F6422C4F32E900C055E4 /* Controller */ = {
			isa = PBXGroup;
			children = (
				F3B1F5ED2C4F2B7000C055E4 /* ViewController.swift */,
			);
			path = Controller;
			sourceTree = "<group>";
		};
		F3B1F6452C4F441600C055E4 /* Controller */ = {
			isa = PBXGroup;
			children = (
				F3B1F6462C4F442400C055E4 /* Controller.swift */,
			);
			path = Controller;
			sourceTree = "<group>";
		};
		F3CA04332C4CA67600443D4E = {
			isa = PBXGroup;
			children = (
				F3B1F5E82C4F2B7000C055E4 /* VC_UIKit */,
				F3B1F6002C4F2B8200C055E4 /* VC_SwiftUI */,
				F3B1F5552C4CBF5700C055E4 /* Model */,
				F3B1F61F2C4F2E3500C055E4 /* Data */,
				F3B1F5762C4CC42500C055E4 /* libMVCNetworkImp.a */,
				F3B1F57D2C4CC45E00C055E4 /* libMVCNetwork.a */,
				F3B1F5542C4CBF5700C055E4 /* libModel.a */,
				F3B1F5822C4D27E200C055E4 /* Frameworks */,
				F3B1F5E72C4F2B7000C055E4 /* VC_UIKit.app */,
				F3B1F5FF2C4F2B8200C055E4 /* VC_SwiftUI.app */,
			);
			sourceTree = "<group>";
		};
/* End PBXGroup section */

/* Begin PBXNativeTarget section */
		F3B1F5532C4CBF5700C055E4 /* Model */ = {
			isa = PBXNativeTarget;
			buildConfigurationList = F3B1F5582C4CBF5700C055E4 /* Build configuration list for PBXNativeTarget "Model" */;
			buildPhases = (
				F3B1F5502C4CBF5700C055E4 /* Sources */,
				F3B1F5512C4CBF5700C055E4 /* Frameworks */,
				F3B1F5522C4CBF5700C055E4 /* CopyFiles */,
			);
			buildRules = (
			);
			dependencies = (
			);
			name = Model;
			productName = Model;
			productReference = F3B1F5542C4CBF5700C055E4 /* libModel.a */;
			productType = "com.apple.product-type.library.static";
		};
		F3B1F56A2C4CC41100C055E4 /* MVCNetwork */ = {
			isa = PBXNativeTarget;
			buildConfigurationList = F3B1F56F2C4CC41100C055E4 /* Build configuration list for PBXNativeTarget "MVCNetwork" */;
			buildPhases = (
				F3B1F5672C4CC41100C055E4 /* Sources */,
				F3B1F5682C4CC41100C055E4 /* Frameworks */,
				F3B1F5692C4CC41100C055E4 /* CopyFiles */,
			);
			buildRules = (
			);
			dependencies = (
				F3B1F5872C4D28C100C055E4 /* PBXTargetDependency */,
			);
			name = MVCNetwork;
			productName = MVCNetwork;
			productReference = F3B1F57D2C4CC45E00C055E4 /* libMVCNetwork.a */;
			productType = "com.apple.product-type.library.static";
		};
		F3B1F5752C4CC42500C055E4 /* MVCNetworkImp */ = {
			isa = PBXNativeTarget;
			buildConfigurationList = F3B1F57A2C4CC42500C055E4 /* Build configuration list for PBXNativeTarget "MVCNetworkImp" */;
			buildPhases = (
				F3B1F5722C4CC42500C055E4 /* Sources */,
				F3B1F5732C4CC42500C055E4 /* Frameworks */,
				F3B1F5742C4CC42500C055E4 /* CopyFiles */,
			);
			buildRules = (
			);
			dependencies = (
				F3B1F5812C4CC4CB00C055E4 /* PBXTargetDependency */,
			);
			name = MVCNetworkImp;
			productName = MVCNetworkImp;
			productReference = F3B1F5762C4CC42500C055E4 /* libMVCNetworkImp.a */;
			productType = "com.apple.product-type.library.static";
		};
		F3B1F5E62C4F2B7000C055E4 /* VC_UIKit */ = {
			isa = PBXNativeTarget;
			buildConfigurationList = F3B1F5F82C4F2B7100C055E4 /* Build configuration list for PBXNativeTarget "VC_UIKit" */;
			buildPhases = (
				F3B1F5E32C4F2B7000C055E4 /* Sources */,
				F3B1F5E42C4F2B7000C055E4 /* Frameworks */,
				F3B1F5E52C4F2B7000C055E4 /* Resources */,
			);
			buildRules = (
			);
			dependencies = (
				F3B1F6252C4F2EBE00C055E4 /* PBXTargetDependency */,
				F3B1F6282C4F2EBE00C055E4 /* PBXTargetDependency */,
				F3B1F62B2C4F2EBE00C055E4 /* PBXTargetDependency */,
			);
			name = VC_UIKit;
			productName = VC_UIKit;
			productReference = F3B1F5E72C4F2B7000C055E4 /* VC_UIKit.app */;
			productType = "com.apple.product-type.application";
		};
		F3B1F5FE2C4F2B8200C055E4 /* VC_SwiftUI */ = {
			isa = PBXNativeTarget;
			buildConfigurationList = F3B1F60A2C4F2B8300C055E4 /* Build configuration list for PBXNativeTarget "VC_SwiftUI" */;
			buildPhases = (
				F3B1F5FB2C4F2B8200C055E4 /* Sources */,
				F3B1F5FC2C4F2B8200C055E4 /* Frameworks */,
				F3B1F5FD2C4F2B8200C055E4 /* Resources */,
			);
			buildRules = (
			);
			dependencies = (
				F3B1F6182C4F2C3600C055E4 /* PBXTargetDependency */,
				F3B1F61B2C4F2C3600C055E4 /* PBXTargetDependency */,
				F3B1F61E2C4F2C3600C055E4 /* PBXTargetDependency */,
			);
			name = VC_SwiftUI;
			productName = VC_SwiftUI;
			productReference = F3B1F5FF2C4F2B8200C055E4 /* VC_SwiftUI.app */;
			productType = "com.apple.product-type.application";
		};
/* End PBXNativeTarget section */

/* Begin PBXProject section */
		F3CA04342C4CA67600443D4E /* Project object */ = {
			isa = PBXProject;
			attributes = {
				BuildIndependentTargetsInParallel = 1;
				LastSwiftUpdateCheck = 1540;
				LastUpgradeCheck = 1540;
				TargetAttributes = {
					F3B1F5532C4CBF5700C055E4 = {
						CreatedOnToolsVersion = 15.4;
					};
					F3B1F56A2C4CC41100C055E4 = {
						CreatedOnToolsVersion = 15.4;
					};
					F3B1F5752C4CC42500C055E4 = {
						CreatedOnToolsVersion = 15.4;
					};
					F3B1F5E62C4F2B7000C055E4 = {
						CreatedOnToolsVersion = 15.4;
					};
					F3B1F5FE2C4F2B8200C055E4 = {
						CreatedOnToolsVersion = 15.4;
					};
				};
			};
			buildConfigurationList = F3CA04372C4CA67600443D4E /* Build configuration list for PBXProject "MVC" */;
			compatibilityVersion = "Xcode 14.0";
			developmentRegion = en;
			hasScannedForEncodings = 0;
			knownRegions = (
				en,
				Base,
			);
			mainGroup = F3CA04332C4CA67600443D4E;
			productRefGroup = F3CA04332C4CA67600443D4E;
			projectDirPath = "";
			projectRoot = "";
			targets = (
				F3B1F5E62C4F2B7000C055E4 /* VC_UIKit */,
				F3B1F5FE2C4F2B8200C055E4 /* VC_SwiftUI */,
				F3B1F5532C4CBF5700C055E4 /* Model */,
				F3B1F56A2C4CC41100C055E4 /* MVCNetwork */,
				F3B1F5752C4CC42500C055E4 /* MVCNetworkImp */,
			);
		};
/* End PBXProject section */

/* Begin PBXResourcesBuildPhase section */
		F3B1F5E52C4F2B7000C055E4 /* Resources */ = {
			isa = PBXResourcesBuildPhase;
			buildActionMask = 2147483647;
			files = (
				F3B1F5F32C4F2B7100C055E4 /* Assets.xcassets in Resources */,
				F3B1F5F62C4F2B7100C055E4 /* Base in Resources */,
			);
			runOnlyForDeploymentPostprocessing = 0;
		};
		F3B1F5FD2C4F2B8200C055E4 /* Resources */ = {
			isa = PBXResourcesBuildPhase;
			buildActionMask = 2147483647;
			files = (
				F3B1F63A2C4F308100C055E4 /* Assets.xcassets in Resources */,
				F3B1F6092C4F2B8300C055E4 /* Preview Assets.xcassets in Resources */,
			);
			runOnlyForDeploymentPostprocessing = 0;
		};
/* End PBXResourcesBuildPhase section */

/* Begin PBXSourcesBuildPhase section */
		F3B1F5502C4CBF5700C055E4 /* Sources */ = {
			isa = PBXSourcesBuildPhase;
			buildActionMask = 2147483647;
			files = (
				F3B1F5662C4CBFB400C055E4 /* Model.swift in Sources */,
			);
			runOnlyForDeploymentPostprocessing = 0;
		};
		F3B1F5672C4CC41100C055E4 /* Sources */ = {
			isa = PBXSourcesBuildPhase;
			buildActionMask = 2147483647;
			files = (
				F3B1F56E2C4CC41100C055E4 /* MVCNetwork.swift in Sources */,
			);
			runOnlyForDeploymentPostprocessing = 0;
		};
		F3B1F5722C4CC42500C055E4 /* Sources */ = {
			isa = PBXSourcesBuildPhase;
			buildActionMask = 2147483647;
			files = (
				F3B1F62E2C4F2F7A00C055E4 /* MVCNetworkImp.swift in Sources */,
			);
			runOnlyForDeploymentPostprocessing = 0;
		};
		F3B1F5E32C4F2B7000C055E4 /* Sources */ = {
			isa = PBXSourcesBuildPhase;
			buildActionMask = 2147483647;
			files = (
				F3B1F6442C4F330700C055E4 /* ContentView.swift in Sources */,
				F3B1F5EE2C4F2B7000C055E4 /* ViewController.swift in Sources */,
				F3B1F5EA2C4F2B7000C055E4 /* AppDelegate.swift in Sources */,
				F3B1F5EC2C4F2B7000C055E4 /* SceneDelegate.swift in Sources */,
			);
			runOnlyForDeploymentPostprocessing = 0;
		};
		F3B1F5FB2C4F2B8200C055E4 /* Sources */ = {
			isa = PBXSourcesBuildPhase;
			buildActionMask = 2147483647;
			files = (
				F3B1F6482C4F50AB00C055E4 /* VC_SwiftUIApp.swift in Sources */,
				F3B1F6412C4F315400C055E4 /* ContentView.swift in Sources */,
				F3B1F6472C4F442400C055E4 /* Controller.swift in Sources */,
			);
			runOnlyForDeploymentPostprocessing = 0;
		};
/* End PBXSourcesBuildPhase section */

/* Begin PBXTargetDependency section */
		F3B1F5812C4CC4CB00C055E4 /* PBXTargetDependency */ = {
			isa = PBXTargetDependency;
			target = F3B1F56A2C4CC41100C055E4 /* MVCNetwork */;
			targetProxy = F3B1F5802C4CC4CB00C055E4 /* PBXContainerItemProxy */;
		};
		F3B1F5872C4D28C100C055E4 /* PBXTargetDependency */ = {
			isa = PBXTargetDependency;
			target = F3B1F5532C4CBF5700C055E4 /* Model */;
			targetProxy = F3B1F5862C4D28C100C055E4 /* PBXContainerItemProxy */;
		};
		F3B1F6182C4F2C3600C055E4 /* PBXTargetDependency */ = {
			isa = PBXTargetDependency;
			target = F3B1F5532C4CBF5700C055E4 /* Model */;
			targetProxy = F3B1F6172C4F2C3600C055E4 /* PBXContainerItemProxy */;
		};
		F3B1F61B2C4F2C3600C055E4 /* PBXTargetDependency */ = {
			isa = PBXTargetDependency;
			target = F3B1F56A2C4CC41100C055E4 /* MVCNetwork */;
			targetProxy = F3B1F61A2C4F2C3600C055E4 /* PBXContainerItemProxy */;
		};
		F3B1F61E2C4F2C3600C055E4 /* PBXTargetDependency */ = {
			isa = PBXTargetDependency;
			target = F3B1F5752C4CC42500C055E4 /* MVCNetworkImp */;
			targetProxy = F3B1F61D2C4F2C3600C055E4 /* PBXContainerItemProxy */;
		};
		F3B1F6252C4F2EBE00C055E4 /* PBXTargetDependency */ = {
			isa = PBXTargetDependency;
			target = F3B1F5532C4CBF5700C055E4 /* Model */;
			targetProxy = F3B1F6242C4F2EBE00C055E4 /* PBXContainerItemProxy */;
		};
		F3B1F6282C4F2EBE00C055E4 /* PBXTargetDependency */ = {
			isa = PBXTargetDependency;
			target = F3B1F56A2C4CC41100C055E4 /* MVCNetwork */;
			targetProxy = F3B1F6272C4F2EBE00C055E4 /* PBXContainerItemProxy */;
		};
		F3B1F62B2C4F2EBE00C055E4 /* PBXTargetDependency */ = {
			isa = PBXTargetDependency;
			target = F3B1F5752C4CC42500C055E4 /* MVCNetworkImp */;
			targetProxy = F3B1F62A2C4F2EBE00C055E4 /* PBXContainerItemProxy */;
		};
/* End PBXTargetDependency section */

/* Begin PBXVariantGroup section */
		F3B1F5F42C4F2B7100C055E4 /* LaunchScreen.storyboard */ = {
			isa = PBXVariantGroup;
			children = (
				F3B1F5F52C4F2B7100C055E4 /* Base */,
			);
			name = LaunchScreen.storyboard;
			sourceTree = "<group>";
		};
/* End PBXVariantGroup section */

/* Begin XCBuildConfiguration section */
		F3B1F5592C4CBF5700C055E4 /* Debug */ = {
			isa = XCBuildConfiguration;
			buildSettings = {
				CODE_SIGN_STYLE = Automatic;
				DEVELOPMENT_TEAM = QVX6L7QGV2;
				IPHONEOS_DEPLOYMENT_TARGET = 17.0;
				OTHER_LDFLAGS = "-ObjC";
				PRODUCT_NAME = "$(TARGET_NAME)";
				SKIP_INSTALL = YES;
				SWIFT_VERSION = 5.0;
				TARGETED_DEVICE_FAMILY = 1;
			};
			name = Debug;
		};
		F3B1F55A2C4CBF5700C055E4 /* Release */ = {
			isa = XCBuildConfiguration;
			buildSettings = {
				CODE_SIGN_STYLE = Automatic;
				DEVELOPMENT_TEAM = QVX6L7QGV2;
				IPHONEOS_DEPLOYMENT_TARGET = 17.0;
				OTHER_LDFLAGS = "-ObjC";
				PRODUCT_NAME = "$(TARGET_NAME)";
				SKIP_INSTALL = YES;
				SWIFT_VERSION = 5.0;
				TARGETED_DEVICE_FAMILY = 1;
			};
			name = Release;
		};
		F3B1F5702C4CC41100C055E4 /* Debug */ = {
			isa = XCBuildConfiguration;
			buildSettings = {
				CODE_SIGN_STYLE = Automatic;
				DEVELOPMENT_TEAM = QVX6L7QGV2;
				IPHONEOS_DEPLOYMENT_TARGET = 17.0;
				OTHER_LDFLAGS = "-ObjC";
				PRODUCT_NAME = "$(TARGET_NAME)";
				SKIP_INSTALL = YES;
				SWIFT_VERSION = 5.0;
				TARGETED_DEVICE_FAMILY = 1;
			};
			name = Debug;
		};
		F3B1F5712C4CC41100C055E4 /* Release */ = {
			isa = XCBuildConfiguration;
			buildSettings = {
				CODE_SIGN_STYLE = Automatic;
				DEVELOPMENT_TEAM = QVX6L7QGV2;
				IPHONEOS_DEPLOYMENT_TARGET = 17.0;
				OTHER_LDFLAGS = "-ObjC";
				PRODUCT_NAME = "$(TARGET_NAME)";
				SKIP_INSTALL = YES;
				SWIFT_VERSION = 5.0;
				TARGETED_DEVICE_FAMILY = 1;
			};
			name = Release;
		};
		F3B1F57B2C4CC42500C055E4 /* Debug */ = {
			isa = XCBuildConfiguration;
			buildSettings = {
				CODE_SIGN_STYLE = Automatic;
				DEVELOPMENT_TEAM = QVX6L7QGV2;
				IPHONEOS_DEPLOYMENT_TARGET = 17.0;
				OTHER_LDFLAGS = "-ObjC";
				PRODUCT_NAME = "$(TARGET_NAME)";
				SKIP_INSTALL = YES;
				SWIFT_VERSION = 5.0;
				TARGETED_DEVICE_FAMILY = 1;
			};
			name = Debug;
		};
		F3B1F57C2C4CC42500C055E4 /* Release */ = {
			isa = XCBuildConfiguration;
			buildSettings = {
				CODE_SIGN_STYLE = Automatic;
				DEVELOPMENT_TEAM = QVX6L7QGV2;
				IPHONEOS_DEPLOYMENT_TARGET = 17.0;
				OTHER_LDFLAGS = "-ObjC";
				PRODUCT_NAME = "$(TARGET_NAME)";
				SKIP_INSTALL = YES;
				SWIFT_VERSION = 5.0;
				TARGETED_DEVICE_FAMILY = 1;
			};
			name = Release;
		};
		F3B1F5F92C4F2B7100C055E4 /* Debug */ = {
			isa = XCBuildConfiguration;
			buildSettings = {
				ASSETCATALOG_COMPILER_APPICON_NAME = AppIcon;
				ASSETCATALOG_COMPILER_GLOBAL_ACCENT_COLOR_NAME = AccentColor;
				CODE_SIGN_STYLE = Automatic;
				CURRENT_PROJECT_VERSION = 1;
				DEVELOPMENT_TEAM = QVX6L7QGV2;
				GENERATE_INFOPLIST_FILE = YES;
				INFOPLIST_FILE = VC_UIKit/Resources/Info.plist;
				INFOPLIST_KEY_UIApplicationSupportsIndirectInputEvents = YES;
				INFOPLIST_KEY_UILaunchStoryboardName = LaunchScreen;
				INFOPLIST_KEY_UIMainStoryboardFile = "";
				INFOPLIST_KEY_UISupportedInterfaceOrientations_iPad = "UIInterfaceOrientationPortrait UIInterfaceOrientationPortraitUpsideDown UIInterfaceOrientationLandscapeLeft UIInterfaceOrientationLandscapeRight";
				INFOPLIST_KEY_UISupportedInterfaceOrientations_iPhone = "UIInterfaceOrientationPortrait UIInterfaceOrientationLandscapeLeft UIInterfaceOrientationLandscapeRight";
				LD_RUNPATH_SEARCH_PATHS = (
					"$(inherited)",
					"@executable_path/Frameworks",
				);
				MARKETING_VERSION = 1.0;
				PRODUCT_BUNDLE_IDENTIFIER = "com.bono.VC-UIKit";
				PRODUCT_NAME = "$(TARGET_NAME)";
				SWIFT_EMIT_LOC_STRINGS = YES;
				SWIFT_VERSION = 5.0;
				TARGETED_DEVICE_FAMILY = "1,2";
			};
			name = Debug;
		};
		F3B1F5FA2C4F2B7100C055E4 /* Release */ = {
			isa = XCBuildConfiguration;
			buildSettings = {
				ASSETCATALOG_COMPILER_APPICON_NAME = AppIcon;
				ASSETCATALOG_COMPILER_GLOBAL_ACCENT_COLOR_NAME = AccentColor;
				CODE_SIGN_STYLE = Automatic;
				CURRENT_PROJECT_VERSION = 1;
				DEVELOPMENT_TEAM = QVX6L7QGV2;
				GENERATE_INFOPLIST_FILE = YES;
				INFOPLIST_FILE = VC_UIKit/Resources/Info.plist;
				INFOPLIST_KEY_UIApplicationSupportsIndirectInputEvents = YES;
				INFOPLIST_KEY_UILaunchStoryboardName = LaunchScreen;
				INFOPLIST_KEY_UIMainStoryboardFile = "";
				INFOPLIST_KEY_UISupportedInterfaceOrientations_iPad = "UIInterfaceOrientationPortrait UIInterfaceOrientationPortraitUpsideDown UIInterfaceOrientationLandscapeLeft UIInterfaceOrientationLandscapeRight";
				INFOPLIST_KEY_UISupportedInterfaceOrientations_iPhone = "UIInterfaceOrientationPortrait UIInterfaceOrientationLandscapeLeft UIInterfaceOrientationLandscapeRight";
				LD_RUNPATH_SEARCH_PATHS = (
					"$(inherited)",
					"@executable_path/Frameworks",
				);
				MARKETING_VERSION = 1.0;
				PRODUCT_BUNDLE_IDENTIFIER = "com.bono.VC-UIKit";
				PRODUCT_NAME = "$(TARGET_NAME)";
				SWIFT_EMIT_LOC_STRINGS = YES;
				SWIFT_VERSION = 5.0;
				TARGETED_DEVICE_FAMILY = "1,2";
			};
			name = Release;
		};
		F3B1F60B2C4F2B8300C055E4 /* Debug */ = {
			isa = XCBuildConfiguration;
			buildSettings = {
				ASSETCATALOG_COMPILER_APPICON_NAME = AppIcon;
				ASSETCATALOG_COMPILER_GLOBAL_ACCENT_COLOR_NAME = AccentColor;
				CODE_SIGN_STYLE = Automatic;
				CURRENT_PROJECT_VERSION = 1;
				DEVELOPMENT_ASSET_PATHS = "\"VC_SwiftUI/Resources/Preview Content\"";
				DEVELOPMENT_TEAM = QVX6L7QGV2;
				ENABLE_PREVIEWS = YES;
				GENERATE_INFOPLIST_FILE = YES;
				INFOPLIST_FILE = "VC_SwiftUI/Resources/VC-SwiftUI-Info.plist";
				INFOPLIST_KEY_UIApplicationSceneManifest_Generation = YES;
				INFOPLIST_KEY_UIApplicationSupportsIndirectInputEvents = YES;
				INFOPLIST_KEY_UILaunchScreen_Generation = YES;
				INFOPLIST_KEY_UISupportedInterfaceOrientations_iPad = "UIInterfaceOrientationPortrait UIInterfaceOrientationPortraitUpsideDown UIInterfaceOrientationLandscapeLeft UIInterfaceOrientationLandscapeRight";
				INFOPLIST_KEY_UISupportedInterfaceOrientations_iPhone = "UIInterfaceOrientationPortrait UIInterfaceOrientationLandscapeLeft UIInterfaceOrientationLandscapeRight";
				LD_RUNPATH_SEARCH_PATHS = (
					"$(inherited)",
					"@executable_path/Frameworks",
				);
				MARKETING_VERSION = 1.0;
				PRODUCT_BUNDLE_IDENTIFIER = "com.bono.VC-SwiftUI";
				PRODUCT_NAME = "$(TARGET_NAME)";
				SWIFT_EMIT_LOC_STRINGS = YES;
				SWIFT_VERSION = 5.0;
				TARGETED_DEVICE_FAMILY = "1,2";
			};
			name = Debug;
		};
		F3B1F60C2C4F2B8300C055E4 /* Release */ = {
			isa = XCBuildConfiguration;
			buildSettings = {
				ASSETCATALOG_COMPILER_APPICON_NAME = AppIcon;
				ASSETCATALOG_COMPILER_GLOBAL_ACCENT_COLOR_NAME = AccentColor;
				CODE_SIGN_STYLE = Automatic;
				CURRENT_PROJECT_VERSION = 1;
				DEVELOPMENT_ASSET_PATHS = "\"VC_SwiftUI/Resources/Preview Content\"";
				DEVELOPMENT_TEAM = QVX6L7QGV2;
				ENABLE_PREVIEWS = YES;
				GENERATE_INFOPLIST_FILE = YES;
				INFOPLIST_FILE = "VC_SwiftUI/Resources/VC-SwiftUI-Info.plist";
				INFOPLIST_KEY_UIApplicationSceneManifest_Generation = YES;
				INFOPLIST_KEY_UIApplicationSupportsIndirectInputEvents = YES;
				INFOPLIST_KEY_UILaunchScreen_Generation = YES;
				INFOPLIST_KEY_UISupportedInterfaceOrientations_iPad = "UIInterfaceOrientationPortrait UIInterfaceOrientationPortraitUpsideDown UIInterfaceOrientationLandscapeLeft UIInterfaceOrientationLandscapeRight";
				INFOPLIST_KEY_UISupportedInterfaceOrientations_iPhone = "UIInterfaceOrientationPortrait UIInterfaceOrientationLandscapeLeft UIInterfaceOrientationLandscapeRight";
				LD_RUNPATH_SEARCH_PATHS = (
					"$(inherited)",
					"@executable_path/Frameworks",
				);
				MARKETING_VERSION = 1.0;
				PRODUCT_BUNDLE_IDENTIFIER = "com.bono.VC-SwiftUI";
				PRODUCT_NAME = "$(TARGET_NAME)";
				SWIFT_EMIT_LOC_STRINGS = YES;
				SWIFT_VERSION = 5.0;
				TARGETED_DEVICE_FAMILY = "1,2";
			};
			name = Release;
		};
		F3CA044E2C4CA67700443D4E /* Debug */ = {
			isa = XCBuildConfiguration;
			buildSettings = {
				ALWAYS_SEARCH_USER_PATHS = NO;
				ASSETCATALOG_COMPILER_GENERATE_SWIFT_ASSET_SYMBOL_EXTENSIONS = YES;
				CLANG_ANALYZER_NONNULL = YES;
				CLANG_ANALYZER_NUMBER_OBJECT_CONVERSION = YES_AGGRESSIVE;
				CLANG_CXX_LANGUAGE_STANDARD = "gnu++20";
				CLANG_ENABLE_MODULES = YES;
				CLANG_ENABLE_OBJC_ARC = YES;
				CLANG_ENABLE_OBJC_WEAK = YES;
				CLANG_WARN_BLOCK_CAPTURE_AUTORELEASING = YES;
				CLANG_WARN_BOOL_CONVERSION = YES;
				CLANG_WARN_COMMA = YES;
				CLANG_WARN_CONSTANT_CONVERSION = YES;
				CLANG_WARN_DEPRECATED_OBJC_IMPLEMENTATIONS = YES;
				CLANG_WARN_DIRECT_OBJC_ISA_USAGE = YES_ERROR;
				CLANG_WARN_DOCUMENTATION_COMMENTS = YES;
				CLANG_WARN_EMPTY_BODY = YES;
				CLANG_WARN_ENUM_CONVERSION = YES;
				CLANG_WARN_INFINITE_RECURSION = YES;
				CLANG_WARN_INT_CONVERSION = YES;
				CLANG_WARN_NON_LITERAL_NULL_CONVERSION = YES;
				CLANG_WARN_OBJC_IMPLICIT_RETAIN_SELF = YES;
				CLANG_WARN_OBJC_LITERAL_CONVERSION = YES;
				CLANG_WARN_OBJC_ROOT_CLASS = YES_ERROR;
				CLANG_WARN_QUOTED_INCLUDE_IN_FRAMEWORK_HEADER = YES;
				CLANG_WARN_RANGE_LOOP_ANALYSIS = YES;
				CLANG_WARN_STRICT_PROTOTYPES = YES;
				CLANG_WARN_SUSPICIOUS_MOVE = YES;
				CLANG_WARN_UNGUARDED_AVAILABILITY = YES_AGGRESSIVE;
				CLANG_WARN_UNREACHABLE_CODE = YES;
				CLANG_WARN__DUPLICATE_METHOD_MATCH = YES;
				COPY_PHASE_STRIP = NO;
				DEBUG_INFORMATION_FORMAT = dwarf;
				ENABLE_STRICT_OBJC_MSGSEND = YES;
				ENABLE_TESTABILITY = YES;
				ENABLE_USER_SCRIPT_SANDBOXING = YES;
				GCC_C_LANGUAGE_STANDARD = gnu17;
				GCC_DYNAMIC_NO_PIC = NO;
				GCC_NO_COMMON_BLOCKS = YES;
				GCC_OPTIMIZATION_LEVEL = 0;
				GCC_PREPROCESSOR_DEFINITIONS = (
					"DEBUG=1",
					"$(inherited)",
				);
				GCC_WARN_64_TO_32_BIT_CONVERSION = YES;
				GCC_WARN_ABOUT_RETURN_TYPE = YES_ERROR;
				GCC_WARN_UNDECLARED_SELECTOR = YES;
				GCC_WARN_UNINITIALIZED_AUTOS = YES_AGGRESSIVE;
				GCC_WARN_UNUSED_FUNCTION = YES;
				GCC_WARN_UNUSED_VARIABLE = YES;
				IPHONEOS_DEPLOYMENT_TARGET = 17.5;
				LOCALIZATION_PREFERS_STRING_CATALOGS = YES;
				MTL_ENABLE_DEBUG_INFO = INCLUDE_SOURCE;
				MTL_FAST_MATH = YES;
				ONLY_ACTIVE_ARCH = YES;
				SDKROOT = iphoneos;
				SWIFT_ACTIVE_COMPILATION_CONDITIONS = "DEBUG $(inherited)";
				SWIFT_OPTIMIZATION_LEVEL = "-Onone";
			};
			name = Debug;
		};
		F3CA044F2C4CA67700443D4E /* Release */ = {
			isa = XCBuildConfiguration;
			buildSettings = {
				ALWAYS_SEARCH_USER_PATHS = NO;
				ASSETCATALOG_COMPILER_GENERATE_SWIFT_ASSET_SYMBOL_EXTENSIONS = YES;
				CLANG_ANALYZER_NONNULL = YES;
				CLANG_ANALYZER_NUMBER_OBJECT_CONVERSION = YES_AGGRESSIVE;
				CLANG_CXX_LANGUAGE_STANDARD = "gnu++20";
				CLANG_ENABLE_MODULES = YES;
				CLANG_ENABLE_OBJC_ARC = YES;
				CLANG_ENABLE_OBJC_WEAK = YES;
				CLANG_WARN_BLOCK_CAPTURE_AUTORELEASING = YES;
				CLANG_WARN_BOOL_CONVERSION = YES;
				CLANG_WARN_COMMA = YES;
				CLANG_WARN_CONSTANT_CONVERSION = YES;
				CLANG_WARN_DEPRECATED_OBJC_IMPLEMENTATIONS = YES;
				CLANG_WARN_DIRECT_OBJC_ISA_USAGE = YES_ERROR;
				CLANG_WARN_DOCUMENTATION_COMMENTS = YES;
				CLANG_WARN_EMPTY_BODY = YES;
				CLANG_WARN_ENUM_CONVERSION = YES;
				CLANG_WARN_INFINITE_RECURSION = YES;
				CLANG_WARN_INT_CONVERSION = YES;
				CLANG_WARN_NON_LITERAL_NULL_CONVERSION = YES;
				CLANG_WARN_OBJC_IMPLICIT_RETAIN_SELF = YES;
				CLANG_WARN_OBJC_LITERAL_CONVERSION = YES;
				CLANG_WARN_OBJC_ROOT_CLASS = YES_ERROR;
				CLANG_WARN_QUOTED_INCLUDE_IN_FRAMEWORK_HEADER = YES;
				CLANG_WARN_RANGE_LOOP_ANALYSIS = YES;
				CLANG_WARN_STRICT_PROTOTYPES = YES;
				CLANG_WARN_SUSPICIOUS_MOVE = YES;
				CLANG_WARN_UNGUARDED_AVAILABILITY = YES_AGGRESSIVE;
				CLANG_WARN_UNREACHABLE_CODE = YES;
				CLANG_WARN__DUPLICATE_METHOD_MATCH = YES;
				COPY_PHASE_STRIP = NO;
				DEBUG_INFORMATION_FORMAT = "dwarf-with-dsym";
				ENABLE_NS_ASSERTIONS = NO;
				ENABLE_STRICT_OBJC_MSGSEND = YES;
				ENABLE_USER_SCRIPT_SANDBOXING = YES;
				GCC_C_LANGUAGE_STANDARD = gnu17;
				GCC_NO_COMMON_BLOCKS = YES;
				GCC_WARN_64_TO_32_BIT_CONVERSION = YES;
				GCC_WARN_ABOUT_RETURN_TYPE = YES_ERROR;
				GCC_WARN_UNDECLARED_SELECTOR = YES;
				GCC_WARN_UNINITIALIZED_AUTOS = YES_AGGRESSIVE;
				GCC_WARN_UNUSED_FUNCTION = YES;
				GCC_WARN_UNUSED_VARIABLE = YES;
				IPHONEOS_DEPLOYMENT_TARGET = 17.5;
				LOCALIZATION_PREFERS_STRING_CATALOGS = YES;
				MTL_ENABLE_DEBUG_INFO = NO;
				MTL_FAST_MATH = YES;
				SDKROOT = iphoneos;
				SWIFT_COMPILATION_MODE = wholemodule;
				VALIDATE_PRODUCT = YES;
			};
			name = Release;
		};
/* End XCBuildConfiguration section */

/* Begin XCConfigurationList section */
		F3B1F5582C4CBF5700C055E4 /* Build configuration list for PBXNativeTarget "Model" */ = {
			isa = XCConfigurationList;
			buildConfigurations = (
				F3B1F5592C4CBF5700C055E4 /* Debug */,
				F3B1F55A2C4CBF5700C055E4 /* Release */,
			);
			defaultConfigurationIsVisible = 0;
			defaultConfigurationName = Release;
		};
		F3B1F56F2C4CC41100C055E4 /* Build configuration list for PBXNativeTarget "MVCNetwork" */ = {
			isa = XCConfigurationList;
			buildConfigurations = (
				F3B1F5702C4CC41100C055E4 /* Debug */,
				F3B1F5712C4CC41100C055E4 /* Release */,
			);
			defaultConfigurationIsVisible = 0;
			defaultConfigurationName = Release;
		};
		F3B1F57A2C4CC42500C055E4 /* Build configuration list for PBXNativeTarget "MVCNetworkImp" */ = {
			isa = XCConfigurationList;
			buildConfigurations = (
				F3B1F57B2C4CC42500C055E4 /* Debug */,
				F3B1F57C2C4CC42500C055E4 /* Release */,
			);
			defaultConfigurationIsVisible = 0;
			defaultConfigurationName = Release;
		};
		F3B1F5F82C4F2B7100C055E4 /* Build configuration list for PBXNativeTarget "VC_UIKit" */ = {
			isa = XCConfigurationList;
			buildConfigurations = (
				F3B1F5F92C4F2B7100C055E4 /* Debug */,
				F3B1F5FA2C4F2B7100C055E4 /* Release */,
			);
			defaultConfigurationIsVisible = 0;
			defaultConfigurationName = Release;
		};
		F3B1F60A2C4F2B8300C055E4 /* Build configuration list for PBXNativeTarget "VC_SwiftUI" */ = {
			isa = XCConfigurationList;
			buildConfigurations = (
				F3B1F60B2C4F2B8300C055E4 /* Debug */,
				F3B1F60C2C4F2B8300C055E4 /* Release */,
			);
			defaultConfigurationIsVisible = 0;
			defaultConfigurationName = Release;
		};
		F3CA04372C4CA67600443D4E /* Build configuration list for PBXProject "MVC" */ = {
			isa = XCConfigurationList;
			buildConfigurations = (
				F3CA044E2C4CA67700443D4E /* Debug */,
				F3CA044F2C4CA67700443D4E /* Release */,
			);
			defaultConfigurationIsVisible = 0;
			defaultConfigurationName = Release;
		};
/* End XCConfigurationList section */
	};
	rootObject = F3CA04342C4CA67600443D4E /* Project object */;
}
