// !$*UTF8*$!
{
	archiveVersion = 1;
	classes = {
	};
	objectVersion = 56;
	objects = {

/* Begin PBXBuildFile section */
		F3CA04402C4CA67600443D4E /* AppDelegate.swift in Sources */ = {isa = PBXBuildFile; fileRef = F3CA043F2C4CA67600443D4E /* AppDelegate.swift */; };
		F3CA04422C4CA67600443D4E /* SceneDelegate.swift in Sources */ = {isa = PBXBuildFile; fileRef = F3CA04412C4CA67600443D4E /* SceneDelegate.swift */; };
		F3CA04442C4CA67600443D4E /* ViewController.swift in Sources */ = {isa = PBXBuildFile; fileRef = F3CA04432C4CA67600443D4E /* ViewController.swift */; };
		F3CA04472C4CA67600443D4E /* Base in Resources */ = {isa = PBXBuildFile; fileRef = F3CA04462C4CA67600443D4E /* Base */; };
		F3CA04492C4CA67700443D4E /* Assets.xcassets in Resources */ = {isa = PBXBuildFile; fileRef = F3CA04482C4CA67700443D4E /* Assets.xcassets */; };
		F3CA044C2C4CA67700443D4E /* Base in Resources */ = {isa = PBXBuildFile; fileRef = F3CA044B2C4CA67700443D4E /* Base */; };
		F3CA045A2C4CA68A00443D4E /* MVC_SwiftUIApp.swift in Sources */ = {isa = PBXBuildFile; fileRef = F3CA04592C4CA68A00443D4E /* MVC_SwiftUIApp.swift */; };
		F3CA045C2C4CA68A00443D4E /* ContentView.swift in Sources */ = {isa = PBXBuildFile; fileRef = F3CA045B2C4CA68A00443D4E /* ContentView.swift */; };
		F3CA045E2C4CA68B00443D4E /* Assets.xcassets in Resources */ = {isa = PBXBuildFile; fileRef = F3CA045D2C4CA68B00443D4E /* Assets.xcassets */; };
		F3CA04612C4CA68B00443D4E /* Preview Assets.xcassets in Resources */ = {isa = PBXBuildFile; fileRef = F3CA04602C4CA68B00443D4E /* Preview Assets.xcassets */; };
/* End PBXBuildFile section */

/* Begin PBXFileReference section */
		F3CA043C2C4CA67600443D4E /* MVC_UIKit.app */ = {isa = PBXFileReference; explicitFileType = wrapper.application; includeInIndex = 0; path = MVC_UIKit.app; sourceTree = BUILT_PRODUCTS_DIR; };
		F3CA043F2C4CA67600443D4E /* AppDelegate.swift */ = {isa = PBXFileReference; lastKnownFileType = sourcecode.swift; path = AppDelegate.swift; sourceTree = "<group>"; };
		F3CA04412C4CA67600443D4E /* SceneDelegate.swift */ = {isa = PBXFileReference; lastKnownFileType = sourcecode.swift; path = SceneDelegate.swift; sourceTree = "<group>"; };
		F3CA04432C4CA67600443D4E /* ViewController.swift */ = {isa = PBXFileReference; lastKnownFileType = sourcecode.swift; path = ViewController.swift; sourceTree = "<group>"; };
		F3CA04462C4CA67600443D4E /* Base */ = {isa = PBXFileReference; lastKnownFileType = file.storyboard; name = Base; path = Base.lproj/Main.storyboard; sourceTree = "<group>"; };
		F3CA04482C4CA67700443D4E /* Assets.xcassets */ = {isa = PBXFileReference; lastKnownFileType = folder.assetcatalog; path = Assets.xcassets; sourceTree = "<group>"; };
		F3CA044B2C4CA67700443D4E /* Base */ = {isa = PBXFileReference; lastKnownFileType = file.storyboard; name = Base; path = Base.lproj/LaunchScreen.storyboard; sourceTree = "<group>"; };
		F3CA044D2C4CA67700443D4E /* Info.plist */ = {isa = PBXFileReference; lastKnownFileType = text.plist.xml; path = Info.plist; sourceTree = "<group>"; };
		F3CA04572C4CA68A00443D4E /* MVC_SwiftUI.app */ = {isa = PBXFileReference; explicitFileType = wrapper.application; includeInIndex = 0; path = MVC_SwiftUI.app; sourceTree = BUILT_PRODUCTS_DIR; };
		F3CA04592C4CA68A00443D4E /* MVC_SwiftUIApp.swift */ = {isa = PBXFileReference; lastKnownFileType = sourcecode.swift; path = MVC_SwiftUIApp.swift; sourceTree = "<group>"; };
		F3CA045B2C4CA68A00443D4E /* ContentView.swift */ = {isa = PBXFileReference; lastKnownFileType = sourcecode.swift; path = ContentView.swift; sourceTree = "<group>"; };
		F3CA045D2C4CA68B00443D4E /* Assets.xcassets */ = {isa = PBXFileReference; lastKnownFileType = folder.assetcatalog; path = Assets.xcassets; sourceTree = "<group>"; };
		F3CA04602C4CA68B00443D4E /* Preview Assets.xcassets */ = {isa = PBXFileReference; lastKnownFileType = folder.assetcatalog; path = "Preview Assets.xcassets"; sourceTree = "<group>"; };
/* End PBXFileReference section */

/* Begin PBXFrameworksBuildPhase section */
		F3CA04392C4CA67600443D4E /* Frameworks */ = {
			isa = PBXFrameworksBuildPhase;
			buildActionMask = 2147483647;
			files = (
			);
			runOnlyForDeploymentPostprocessing = 0;
		};
		F3CA04542C4CA68A00443D4E /* Frameworks */ = {
			isa = PBXFrameworksBuildPhase;
			buildActionMask = 2147483647;
			files = (
			);
			runOnlyForDeploymentPostprocessing = 0;
		};
/* End PBXFrameworksBuildPhase section */

/* Begin PBXGroup section */
		F3CA04332C4CA67600443D4E = {
			isa = PBXGroup;
			children = (
				F3CA043E2C4CA67600443D4E /* MVC_UIKit */,
				F3CA04582C4CA68A00443D4E /* MVC_SwiftUI */,
				F3CA043D2C4CA67600443D4E /* Products */,
			);
			sourceTree = "<group>";
		};
		F3CA043D2C4CA67600443D4E /* Products */ = {
			isa = PBXGroup;
			children = (
				F3CA043C2C4CA67600443D4E /* MVC_UIKit.app */,
				F3CA04572C4CA68A00443D4E /* MVC_SwiftUI.app */,
			);
			name = Products;
			sourceTree = "<group>";
		};
		F3CA043E2C4CA67600443D4E /* MVC_UIKit */ = {
			isa = PBXGroup;
			children = (
				F3CA043F2C4CA67600443D4E /* AppDelegate.swift */,
				F3CA04412C4CA67600443D4E /* SceneDelegate.swift */,
				F3CA04432C4CA67600443D4E /* ViewController.swift */,
				F3CA04452C4CA67600443D4E /* Main.storyboard */,
				F3CA04482C4CA67700443D4E /* Assets.xcassets */,
				F3CA044A2C4CA67700443D4E /* LaunchScreen.storyboard */,
				F3CA044D2C4CA67700443D4E /* Info.plist */,
			);
			path = MVC_UIKit;
			sourceTree = "<group>";
		};
		F3CA04582C4CA68A00443D4E /* MVC_SwiftUI */ = {
			isa = PBXGroup;
			children = (
				F3CA04592C4CA68A00443D4E /* MVC_SwiftUIApp.swift */,
				F3CA045B2C4CA68A00443D4E /* ContentView.swift */,
				F3CA045D2C4CA68B00443D4E /* Assets.xcassets */,
				F3CA045F2C4CA68B00443D4E /* Preview Content */,
			);
			path = MVC_SwiftUI;
			sourceTree = "<group>";
		};
		F3CA045F2C4CA68B00443D4E /* Preview Content */ = {
			isa = PBXGroup;
			children = (
				F3CA04602C4CA68B00443D4E /* Preview Assets.xcassets */,
			);
			path = "Preview Content";
			sourceTree = "<group>";
		};
/* End PBXGroup section */

/* Begin PBXNativeTarget section */
		F3CA043B2C4CA67600443D4E /* MVC_UIKit */ = {
			isa = PBXNativeTarget;
			buildConfigurationList = F3CA04502C4CA67700443D4E /* Build configuration list for PBXNativeTarget "MVC_UIKit" */;
			buildPhases = (
				F3CA04382C4CA67600443D4E /* Sources */,
				F3CA04392C4CA67600443D4E /* Frameworks */,
				F3CA043A2C4CA67600443D4E /* Resources */,
			);
			buildRules = (
			);
			dependencies = (
			);
			name = MVC_UIKit;
			productName = MVC_UIKit;
			productReference = F3CA043C2C4CA67600443D4E /* MVC_UIKit.app */;
			productType = "com.apple.product-type.application";
		};
		F3CA04562C4CA68A00443D4E /* MVC_SwiftUI */ = {
			isa = PBXNativeTarget;
			buildConfigurationList = F3CA04622C4CA68B00443D4E /* Build configuration list for PBXNativeTarget "MVC_SwiftUI" */;
			buildPhases = (
				F3CA04532C4CA68A00443D4E /* Sources */,
				F3CA04542C4CA68A00443D4E /* Frameworks */,
				F3CA04552C4CA68A00443D4E /* Resources */,
			);
			buildRules = (
			);
			dependencies = (
			);
			name = MVC_SwiftUI;
			productName = MVC_SwiftUI;
			productReference = F3CA04572C4CA68A00443D4E /* MVC_SwiftUI.app */;
			productType = "com.apple.product-type.application";
		};
/* End PBXNativeTarget section */

/* Begin PBXProject section */
		F3CA04342C4CA67600443D4E /* Project object */ = {
			isa = PBXProject;
			attributes = {
				BuildIndependentTargetsInParallel = 1;
				LastSwiftUpdateCheck = 1540;
				LastUpgradeCheck = 1540;
				TargetAttributes = {
					F3CA043B2C4CA67600443D4E = {
						CreatedOnToolsVersion = 15.4;
					};
					F3CA04562C4CA68A00443D4E = {
						CreatedOnToolsVersion = 15.4;
					};
				};
			};
			buildConfigurationList = F3CA04372C4CA67600443D4E /* Build configuration list for PBXProject "MVC_UIKit" */;
			compatibilityVersion = "Xcode 14.0";
			developmentRegion = en;
			hasScannedForEncodings = 0;
			knownRegions = (
				en,
				Base,
			);
			mainGroup = F3CA04332C4CA67600443D4E;
			productRefGroup = F3CA043D2C4CA67600443D4E /* Products */;
			projectDirPath = "";
			projectRoot = "";
			targets = (
				F3CA043B2C4CA67600443D4E /* MVC_UIKit */,
				F3CA04562C4CA68A00443D4E /* MVC_SwiftUI */,
			);
		};
/* End PBXProject section */

/* Begin PBXResourcesBuildPhase section */
		F3CA043A2C4CA67600443D4E /* Resources */ = {
			isa = PBXResourcesBuildPhase;
			buildActionMask = 2147483647;
			files = (
				F3CA04492C4CA67700443D4E /* Assets.xcassets in Resources */,
				F3CA044C2C4CA67700443D4E /* Base in Resources */,
				F3CA04472C4CA67600443D4E /* Base in Resources */,
			);
			runOnlyForDeploymentPostprocessing = 0;
		};
		F3CA04552C4CA68A00443D4E /* Resources */ = {
			isa = PBXResourcesBuildPhase;
			buildActionMask = 2147483647;
			files = (
				F3CA04612C4CA68B00443D4E /* Preview Assets.xcassets in Resources */,
				F3CA045E2C4CA68B00443D4E /* Assets.xcassets in Resources */,
			);
			runOnlyForDeploymentPostprocessing = 0;
		};
/* End PBXResourcesBuildPhase section */

/* Begin PBXSourcesBuildPhase section */
		F3CA04382C4CA67600443D4E /* Sources */ = {
			isa = PBXSourcesBuildPhase;
			buildActionMask = 2147483647;
			files = (
				F3CA04442C4CA67600443D4E /* ViewController.swift in Sources */,
				F3CA04402C4CA67600443D4E /* AppDelegate.swift in Sources */,
				F3CA04422C4CA67600443D4E /* SceneDelegate.swift in Sources */,
			);
			runOnlyForDeploymentPostprocessing = 0;
		};
		F3CA04532C4CA68A00443D4E /* Sources */ = {
			isa = PBXSourcesBuildPhase;
			buildActionMask = 2147483647;
			files = (
				F3CA045C2C4CA68A00443D4E /* ContentView.swift in Sources */,
				F3CA045A2C4CA68A00443D4E /* MVC_SwiftUIApp.swift in Sources */,
			);
			runOnlyForDeploymentPostprocessing = 0;
		};
/* End PBXSourcesBuildPhase section */

/* Begin PBXVariantGroup section */
		F3CA04452C4CA67600443D4E /* Main.storyboard */ = {
			isa = PBXVariantGroup;
			children = (
				F3CA04462C4CA67600443D4E /* Base */,
			);
			name = Main.storyboard;
			sourceTree = "<group>";
		};
		F3CA044A2C4CA67700443D4E /* LaunchScreen.storyboard */ = {
			isa = PBXVariantGroup;
			children = (
				F3CA044B2C4CA67700443D4E /* Base */,
			);
			name = LaunchScreen.storyboard;
			sourceTree = "<group>";
		};
/* End PBXVariantGroup section */

/* Begin XCBuildConfiguration section */
		F3CA044E2C4CA67700443D4E /* Debug */ = {
			isa = XCBuildConfiguration;
			buildSettings = {
				ALWAYS_SEARCH_USER_PATHS = NO;
				ASSETCATALOG_COMPILER_GENERATE_SWIFT_ASSET_SYMBOL_EXTENSIONS = YES;
				CLANG_ANALYZER_NONNULL = YES;
				CLANG_ANALYZER_NUMBER_OBJECT_CONVERSION = YES_AGGRESSIVE;
				CLANG_CXX_LANGUAGE_STANDARD = "gnu++20";
				CLANG_ENABLE_MODULES = YES;
				CLANG_ENABLE_OBJC_ARC = YES;
				CLANG_ENABLE_OBJC_WEAK = YES;
				CLANG_WARN_BLOCK_CAPTURE_AUTORELEASING = YES;
				CLANG_WARN_BOOL_CONVERSION = YES;
				CLANG_WARN_COMMA = YES;
				CLANG_WARN_CONSTANT_CONVERSION = YES;
				CLANG_WARN_DEPRECATED_OBJC_IMPLEMENTATIONS = YES;
				CLANG_WARN_DIRECT_OBJC_ISA_USAGE = YES_ERROR;
				CLANG_WARN_DOCUMENTATION_COMMENTS = YES;
				CLANG_WARN_EMPTY_BODY = YES;
				CLANG_WARN_ENUM_CONVERSION = YES;
				CLANG_WARN_INFINITE_RECURSION = YES;
				CLANG_WARN_INT_CONVERSION = YES;
				CLANG_WARN_NON_LITERAL_NULL_CONVERSION = YES;
				CLANG_WARN_OBJC_IMPLICIT_RETAIN_SELF = YES;
				CLANG_WARN_OBJC_LITERAL_CONVERSION = YES;
				CLANG_WARN_OBJC_ROOT_CLASS = YES_ERROR;
				CLANG_WARN_QUOTED_INCLUDE_IN_FRAMEWORK_HEADER = YES;
				CLANG_WARN_RANGE_LOOP_ANALYSIS = YES;
				CLANG_WARN_STRICT_PROTOTYPES = YES;
				CLANG_WARN_SUSPICIOUS_MOVE = YES;
				CLANG_WARN_UNGUARDED_AVAILABILITY = YES_AGGRESSIVE;
				CLANG_WARN_UNREACHABLE_CODE = YES;
				CLANG_WARN__DUPLICATE_METHOD_MATCH = YES;
				COPY_PHASE_STRIP = NO;
				DEBUG_INFORMATION_FORMAT = dwarf;
				ENABLE_STRICT_OBJC_MSGSEND = YES;
				ENABLE_TESTABILITY = YES;
				ENABLE_USER_SCRIPT_SANDBOXING = YES;
				GCC_C_LANGUAGE_STANDARD = gnu17;
				GCC_DYNAMIC_NO_PIC = NO;
				GCC_NO_COMMON_BLOCKS = YES;
				GCC_OPTIMIZATION_LEVEL = 0;
				GCC_PREPROCESSOR_DEFINITIONS = (
					"DEBUG=1",
					"$(inherited)",
				);
				GCC_WARN_64_TO_32_BIT_CONVERSION = YES;
				GCC_WARN_ABOUT_RETURN_TYPE = YES_ERROR;
				GCC_WARN_UNDECLARED_SELECTOR = YES;
				GCC_WARN_UNINITIALIZED_AUTOS = YES_AGGRESSIVE;
				GCC_WARN_UNUSED_FUNCTION = YES;
				GCC_WARN_UNUSED_VARIABLE = YES;
				IPHONEOS_DEPLOYMENT_TARGET = 17.5;
				LOCALIZATION_PREFERS_STRING_CATALOGS = YES;
				MTL_ENABLE_DEBUG_INFO = INCLUDE_SOURCE;
				MTL_FAST_MATH = YES;
				ONLY_ACTIVE_ARCH = YES;
				SDKROOT = iphoneos;
				SWIFT_ACTIVE_COMPILATION_CONDITIONS = "DEBUG $(inherited)";
				SWIFT_OPTIMIZATION_LEVEL = "-Onone";
			};
			name = Debug;
		};
		F3CA044F2C4CA67700443D4E /* Release */ = {
			isa = XCBuildConfiguration;
			buildSettings = {
				ALWAYS_SEARCH_USER_PATHS = NO;
				ASSETCATALOG_COMPILER_GENERATE_SWIFT_ASSET_SYMBOL_EXTENSIONS = YES;
				CLANG_ANALYZER_NONNULL = YES;
				CLANG_ANALYZER_NUMBER_OBJECT_CONVERSION = YES_AGGRESSIVE;
				CLANG_CXX_LANGUAGE_STANDARD = "gnu++20";
				CLANG_ENABLE_MODULES = YES;
				CLANG_ENABLE_OBJC_ARC = YES;
				CLANG_ENABLE_OBJC_WEAK = YES;
				CLANG_WARN_BLOCK_CAPTURE_AUTORELEASING = YES;
				CLANG_WARN_BOOL_CONVERSION = YES;
				CLANG_WARN_COMMA = YES;
				CLANG_WARN_CONSTANT_CONVERSION = YES;
				CLANG_WARN_DEPRECATED_OBJC_IMPLEMENTATIONS = YES;
				CLANG_WARN_DIRECT_OBJC_ISA_USAGE = YES_ERROR;
				CLANG_WARN_DOCUMENTATION_COMMENTS = YES;
				CLANG_WARN_EMPTY_BODY = YES;
				CLANG_WARN_ENUM_CONVERSION = YES;
				CLANG_WARN_INFINITE_RECURSION = YES;
				CLANG_WARN_INT_CONVERSION = YES;
				CLANG_WARN_NON_LITERAL_NULL_CONVERSION = YES;
				CLANG_WARN_OBJC_IMPLICIT_RETAIN_SELF = YES;
				CLANG_WARN_OBJC_LITERAL_CONVERSION = YES;
				CLANG_WARN_OBJC_ROOT_CLASS = YES_ERROR;
				CLANG_WARN_QUOTED_INCLUDE_IN_FRAMEWORK_HEADER = YES;
				CLANG_WARN_RANGE_LOOP_ANALYSIS = YES;
				CLANG_WARN_STRICT_PROTOTYPES = YES;
				CLANG_WARN_SUSPICIOUS_MOVE = YES;
				CLANG_WARN_UNGUARDED_AVAILABILITY = YES_AGGRESSIVE;
				CLANG_WARN_UNREACHABLE_CODE = YES;
				CLANG_WARN__DUPLICATE_METHOD_MATCH = YES;
				COPY_PHASE_STRIP = NO;
				DEBUG_INFORMATION_FORMAT = "dwarf-with-dsym";
				ENABLE_NS_ASSERTIONS = NO;
				ENABLE_STRICT_OBJC_MSGSEND = YES;
				ENABLE_USER_SCRIPT_SANDBOXING = YES;
				GCC_C_LANGUAGE_STANDARD = gnu17;
				GCC_NO_COMMON_BLOCKS = YES;
				GCC_WARN_64_TO_32_BIT_CONVERSION = YES;
				GCC_WARN_ABOUT_RETURN_TYPE = YES_ERROR;
				GCC_WARN_UNDECLARED_SELECTOR = YES;
				GCC_WARN_UNINITIALIZED_AUTOS = YES_AGGRESSIVE;
				GCC_WARN_UNUSED_FUNCTION = YES;
				GCC_WARN_UNUSED_VARIABLE = YES;
				IPHONEOS_DEPLOYMENT_TARGET = 17.5;
				LOCALIZATION_PREFERS_STRING_CATALOGS = YES;
				MTL_ENABLE_DEBUG_INFO = NO;
				MTL_FAST_MATH = YES;
				SDKROOT = iphoneos;
				SWIFT_COMPILATION_MODE = wholemodule;
				VALIDATE_PRODUCT = YES;
			};
			name = Release;
		};
		F3CA04512C4CA67700443D4E /* Debug */ = {
			isa = XCBuildConfiguration;
			buildSettings = {
				ASSETCATALOG_COMPILER_APPICON_NAME = AppIcon;
				ASSETCATALOG_COMPILER_GLOBAL_ACCENT_COLOR_NAME = AccentColor;
				CODE_SIGN_STYLE = Automatic;
				CURRENT_PROJECT_VERSION = 1;
				DEVELOPMENT_TEAM = QVX6L7QGV2;
				GENERATE_INFOPLIST_FILE = YES;
				INFOPLIST_FILE = MVC_UIKit/Info.plist;
				INFOPLIST_KEY_UIApplicationSupportsIndirectInputEvents = YES;
				INFOPLIST_KEY_UILaunchStoryboardName = LaunchScreen;
				INFOPLIST_KEY_UIMainStoryboardFile = Main;
				INFOPLIST_KEY_UISupportedInterfaceOrientations_iPad = "UIInterfaceOrientationPortrait UIInterfaceOrientationPortraitUpsideDown UIInterfaceOrientationLandscapeLeft UIInterfaceOrientationLandscapeRight";
				INFOPLIST_KEY_UISupportedInterfaceOrientations_iPhone = "UIInterfaceOrientationPortrait UIInterfaceOrientationLandscapeLeft UIInterfaceOrientationLandscapeRight";
				LD_RUNPATH_SEARCH_PATHS = (
					"$(inherited)",
					"@executable_path/Frameworks",
				);
				MARKETING_VERSION = 1.0;
				PRODUCT_BUNDLE_IDENTIFIER = "com.bono.MVC-UIKit";
				PRODUCT_NAME = "$(TARGET_NAME)";
				SWIFT_EMIT_LOC_STRINGS = YES;
				SWIFT_VERSION = 5.0;
				TARGETED_DEVICE_FAMILY = "1,2";
			};
			name = Debug;
		};
		F3CA04522C4CA67700443D4E /* Release */ = {
			isa = XCBuildConfiguration;
			buildSettings = {
				ASSETCATALOG_COMPILER_APPICON_NAME = AppIcon;
				ASSETCATALOG_COMPILER_GLOBAL_ACCENT_COLOR_NAME = AccentColor;
				CODE_SIGN_STYLE = Automatic;
				CURRENT_PROJECT_VERSION = 1;
				DEVELOPMENT_TEAM = QVX6L7QGV2;
				GENERATE_INFOPLIST_FILE = YES;
				INFOPLIST_FILE = MVC_UIKit/Info.plist;
				INFOPLIST_KEY_UIApplicationSupportsIndirectInputEvents = YES;
				INFOPLIST_KEY_UILaunchStoryboardName = LaunchScreen;
				INFOPLIST_KEY_UIMainStoryboardFile = Main;
				INFOPLIST_KEY_UISupportedInterfaceOrientations_iPad = "UIInterfaceOrientationPortrait UIInterfaceOrientationPortraitUpsideDown UIInterfaceOrientationLandscapeLeft UIInterfaceOrientationLandscapeRight";
				INFOPLIST_KEY_UISupportedInterfaceOrientations_iPhone = "UIInterfaceOrientationPortrait UIInterfaceOrientationLandscapeLeft UIInterfaceOrientationLandscapeRight";
				LD_RUNPATH_SEARCH_PATHS = (
					"$(inherited)",
					"@executable_path/Frameworks",
				);
				MARKETING_VERSION = 1.0;
				PRODUCT_BUNDLE_IDENTIFIER = "com.bono.MVC-UIKit";
				PRODUCT_NAME = "$(TARGET_NAME)";
				SWIFT_EMIT_LOC_STRINGS = YES;
				SWIFT_VERSION = 5.0;
				TARGETED_DEVICE_FAMILY = "1,2";
			};
			name = Release;
		};
		F3CA04632C4CA68B00443D4E /* Debug */ = {
			isa = XCBuildConfiguration;
			buildSettings = {
				ASSETCATALOG_COMPILER_APPICON_NAME = AppIcon;
				ASSETCATALOG_COMPILER_GLOBAL_ACCENT_COLOR_NAME = AccentColor;
				CODE_SIGN_STYLE = Automatic;
				CURRENT_PROJECT_VERSION = 1;
				DEVELOPMENT_ASSET_PATHS = "\"MVC_SwiftUI/Preview Content\"";
				DEVELOPMENT_TEAM = QVX6L7QGV2;
				ENABLE_PREVIEWS = YES;
				GENERATE_INFOPLIST_FILE = YES;
				INFOPLIST_KEY_UIApplicationSceneManifest_Generation = YES;
				INFOPLIST_KEY_UIApplicationSupportsIndirectInputEvents = YES;
				INFOPLIST_KEY_UILaunchScreen_Generation = YES;
				INFOPLIST_KEY_UISupportedInterfaceOrientations_iPad = "UIInterfaceOrientationPortrait UIInterfaceOrientationPortraitUpsideDown UIInterfaceOrientationLandscapeLeft UIInterfaceOrientationLandscapeRight";
				INFOPLIST_KEY_UISupportedInterfaceOrientations_iPhone = "UIInterfaceOrientationPortrait UIInterfaceOrientationLandscapeLeft UIInterfaceOrientationLandscapeRight";
				LD_RUNPATH_SEARCH_PATHS = (
					"$(inherited)",
					"@executable_path/Frameworks",
				);
				MARKETING_VERSION = 1.0;
				PRODUCT_BUNDLE_IDENTIFIER = "com.bono.MVC-SwiftUI";
				PRODUCT_NAME = "$(TARGET_NAME)";
				SWIFT_EMIT_LOC_STRINGS = YES;
				SWIFT_VERSION = 5.0;
				TARGETED_DEVICE_FAMILY = "1,2";
			};
			name = Debug;
		};
		F3CA04642C4CA68B00443D4E /* Release */ = {
			isa = XCBuildConfiguration;
			buildSettings = {
				ASSETCATALOG_COMPILER_APPICON_NAME = AppIcon;
				ASSETCATALOG_COMPILER_GLOBAL_ACCENT_COLOR_NAME = AccentColor;
				CODE_SIGN_STYLE = Automatic;
				CURRENT_PROJECT_VERSION = 1;
				DEVELOPMENT_ASSET_PATHS = "\"MVC_SwiftUI/Preview Content\"";
				DEVELOPMENT_TEAM = QVX6L7QGV2;
				ENABLE_PREVIEWS = YES;
				GENERATE_INFOPLIST_FILE = YES;
				INFOPLIST_KEY_UIApplicationSceneManifest_Generation = YES;
				INFOPLIST_KEY_UIApplicationSupportsIndirectInputEvents = YES;
				INFOPLIST_KEY_UILaunchScreen_Generation = YES;
				INFOPLIST_KEY_UISupportedInterfaceOrientations_iPad = "UIInterfaceOrientationPortrait UIInterfaceOrientationPortraitUpsideDown UIInterfaceOrientationLandscapeLeft UIInterfaceOrientationLandscapeRight";
				INFOPLIST_KEY_UISupportedInterfaceOrientations_iPhone = "UIInterfaceOrientationPortrait UIInterfaceOrientationLandscapeLeft UIInterfaceOrientationLandscapeRight";
				LD_RUNPATH_SEARCH_PATHS = (
					"$(inherited)",
					"@executable_path/Frameworks",
				);
				MARKETING_VERSION = 1.0;
				PRODUCT_BUNDLE_IDENTIFIER = "com.bono.MVC-SwiftUI";
				PRODUCT_NAME = "$(TARGET_NAME)";
				SWIFT_EMIT_LOC_STRINGS = YES;
				SWIFT_VERSION = 5.0;
				TARGETED_DEVICE_FAMILY = "1,2";
			};
			name = Release;
		};
/* End XCBuildConfiguration section */

/* Begin XCConfigurationList section */
		F3CA04372C4CA67600443D4E /* Build configuration list for PBXProject "MVC_UIKit" */ = {
			isa = XCConfigurationList;
			buildConfigurations = (
				F3CA044E2C4CA67700443D4E /* Debug */,
				F3CA044F2C4CA67700443D4E /* Release */,
			);
			defaultConfigurationIsVisible = 0;
			defaultConfigurationName = Release;
		};
		F3CA04502C4CA67700443D4E /* Build configuration list for PBXNativeTarget "MVC_UIKit" */ = {
			isa = XCConfigurationList;
			buildConfigurations = (
				F3CA04512C4CA67700443D4E /* Debug */,
				F3CA04522C4CA67700443D4E /* Release */,
			);
			defaultConfigurationIsVisible = 0;
			defaultConfigurationName = Release;
		};
		F3CA04622C4CA68B00443D4E /* Build configuration list for PBXNativeTarget "MVC_SwiftUI" */ = {
			isa = XCConfigurationList;
			buildConfigurations = (
				F3CA04632C4CA68B00443D4E /* Debug */,
				F3CA04642C4CA68B00443D4E /* Release */,
			);
			defaultConfigurationIsVisible = 0;
			defaultConfigurationName = Release;
		};
/* End XCConfigurationList section */
	};
	rootObject = F3CA04342C4CA67600443D4E /* Project object */;
}
